{
  "originHash" : "ac0c2b8290d280fbad993f05f347bf195a3b0e7495a51662e687d7470bdd2323",
  "pins" : [
    {
      "identity" : "flatbuffers",
      "kind" : "remoteSourceControl",
      "location" : "https://github.com/google/flatbuffers.git",
      "state" : {
        "branch" : "master",
        "revision" : "c9125e6385df65869aba748a4cbad7d9df3333de"
      }
    }
  ],
  "version" : 3
}
